
Microsoft Visual Studio Solution File, Format Version 12.00
# Visual Studio 15
VisualStudioVersion = 15.0.26430.12
MinimumVisualStudioVersion = 10.0.40219.1
Project("{D954291E-2A0B-460D-934E-DC6B0785DB48}") = "GettingStarted", "GettingStarted\GettingStarted\GettingStarted.shproj", "{98F947E9-1095-4941-A7DB-0934D0FEFC4A}"
EndProject
Project("{FAE04EC0-301F-11D3-BF4B-00C04F79EFBC}") = "GettingStarted.Android", "GettingStarted\GettingStarted.Android\GettingStarted.Android.csproj", "{6072D0A4-EEA0-4D90-9168-5ABCB6E00140}"
EndProject
Project("{FAE04EC0-301F-11D3-BF4B-00C04F79EFBC}") = "GettingStarted.iOS", "GettingStarted\GettingStarted.iOS\GettingStarted.iOS.csproj", "{5BBBFBC1-A9C6-4D97-8D56-4684D092702C}"
EndProject
Project("{FAE04EC0-301F-11D3-BF4B-00C04F79EFBC}") = "GettingStarted.UWP", "GettingStarted\GettingStarted.UWP\GettingStarted.UWP.csproj", "{E63B9ED4-E663-4581-971F-9332CA551734}"
EndProject
Global
	GlobalSection(SharedMSBuildProjectFiles) = preSolution
		GettingStarted\GettingStarted\GettingStarted.projitems*{5bbbfbc1-a9c6-4d97-8d56-4684d092702c}*SharedItemsImports = 4
		GettingStarted\GettingStarted\GettingStarted.projitems*{6072d0a4-eea0-4d90-9168-5abcb6e00140}*SharedItemsImports = 4
		GettingStarted\GettingStarted\GettingStarted.projitems*{98f947e9-1095-4941-a7db-0934d0fefc4a}*SharedItemsImports = 13
	EndGlobalSection
	GlobalSection(SolutionConfigurationPlatforms) = preSolution
		Ad-Hoc|Any CPU = Ad-Hoc|Any CPU
		Ad-Hoc|ARM = Ad-Hoc|ARM
		Ad-Hoc|iPhone = Ad-Hoc|iPhone
		Ad-Hoc|iPhoneSimulator = Ad-Hoc|iPhoneSimulator
		Ad-Hoc|x64 = Ad-Hoc|x64
		Ad-Hoc|x86 = Ad-Hoc|x86
		AppStore|Any CPU = AppStore|Any CPU
		AppStore|ARM = AppStore|ARM
		AppStore|iPhone = AppStore|iPhone
		AppStore|iPhoneSimulator = AppStore|iPhoneSimulator
		AppStore|x64 = AppStore|x64
		AppStore|x86 = AppStore|x86
		Debug|Any CPU = Debug|Any CPU
		Debug|ARM = Debug|ARM
		Debug|iPhone = Debug|iPhone
		Debug|iPhoneSimulator = Debug|iPhoneSimulator
		Debug|x64 = Debug|x64
		Debug|x86 = Debug|x86
		Release|Any CPU = Release|Any CPU
		Release|ARM = Release|ARM
		Release|iPhone = Release|iPhone
		Release|iPhoneSimulator = Release|iPhoneSimulator
		Release|x64 = Release|x64
		Release|x86 = Release|x86
	EndGlobalSection
	GlobalSection(ProjectConfigurationPlatforms) = postSolution
		{6072D0A4-EEA0-4D90-9168-5ABCB6E00140}.Ad-Hoc|Any CPU.ActiveCfg = Release|Any CPU
		{6072D0A4-EEA0-4D90-9168-5ABCB6E00140}.Ad-Hoc|Any CPU.Build.0 = Release|Any CPU
		{6072D0A4-EEA0-4D90-9168-5ABCB6E00140}.Ad-Hoc|Any CPU.Deploy.0 = Release|Any CPU
		{6072D0A4-EEA0-4D90-9168-5ABCB6E00140}.Ad-Hoc|ARM.ActiveCfg = Release|Any CPU
		{6072D0A4-EEA0-4D90-9168-5ABCB6E00140}.Ad-Hoc|ARM.Build.0 = Release|Any CPU
		{6072D0A4-EEA0-4D90-9168-5ABCB6E00140}.Ad-Hoc|ARM.Deploy.0 = Release|Any CPU
		{6072D0A4-EEA0-4D90-9168-5ABCB6E00140}.Ad-Hoc|iPhone.ActiveCfg = Release|Any CPU
		{6072D0A4-EEA0-4D90-9168-5ABCB6E00140}.Ad-Hoc|iPhone.Build.0 = Release|Any CPU
		{6072D0A4-EEA0-4D90-9168-5ABCB6E00140}.Ad-Hoc|iPhone.Deploy.0 = Release|Any CPU
		{6072D0A4-EEA0-4D90-9168-5ABCB6E00140}.Ad-Hoc|iPhoneSimulator.ActiveCfg = Release|Any CPU
		{6072D0A4-EEA0-4D90-9168-5ABCB6E00140}.Ad-Hoc|iPhoneSimulator.Build.0 = Release|Any CPU
		{6072D0A4-EEA0-4D90-9168-5ABCB6E00140}.Ad-Hoc|iPhoneSimulator.Deploy.0 = Release|Any CPU
		{6072D0A4-EEA0-4D90-9168-5ABCB6E00140}.Ad-Hoc|x64.ActiveCfg = Release|Any CPU
		{6072D0A4-EEA0-4D90-9168-5ABCB6E00140}.Ad-Hoc|x64.Build.0 = Release|Any CPU
		{6072D0A4-EEA0-4D90-9168-5ABCB6E00140}.Ad-Hoc|x64.Deploy.0 = Release|Any CPU
		{6072D0A4-EEA0-4D90-9168-5ABCB6E00140}.Ad-Hoc|x86.ActiveCfg = Release|Any CPU
		{6072D0A4-EEA0-4D90-9168-5ABCB6E00140}.Ad-Hoc|x86.Build.0 = Release|Any CPU
		{6072D0A4-EEA0-4D90-9168-5ABCB6E00140}.Ad-Hoc|x86.Deploy.0 = Release|Any CPU
		{6072D0A4-EEA0-4D90-9168-5ABCB6E00140}.AppStore|Any CPU.ActiveCfg = Release|Any CPU
		{6072D0A4-EEA0-4D90-9168-5ABCB6E00140}.AppStore|Any CPU.Build.0 = Release|Any CPU
		{6072D0A4-EEA0-4D90-9168-5ABCB6E00140}.AppStore|Any CPU.Deploy.0 = Release|Any CPU
		{6072D0A4-EEA0-4D90-9168-5ABCB6E00140}.AppStore|ARM.ActiveCfg = Release|Any CPU
		{6072D0A4-EEA0-4D90-9168-5ABCB6E00140}.AppStore|ARM.Build.0 = Release|Any CPU
		{6072D0A4-EEA0-4D90-9168-5ABCB6E00140}.AppStore|ARM.Deploy.0 = Release|Any CPU
		{6072D0A4-EEA0-4D90-9168-5ABCB6E00140}.AppStore|iPhone.ActiveCfg = Release|Any CPU
		{6072D0A4-EEA0-4D90-9168-5ABCB6E00140}.AppStore|iPhone.Build.0 = Release|Any CPU
		{6072D0A4-EEA0-4D90-9168-5ABCB6E00140}.AppStore|iPhone.Deploy.0 = Release|Any CPU
		{6072D0A4-EEA0-4D90-9168-5ABCB6E00140}.AppStore|iPhoneSimulator.ActiveCfg = Release|Any CPU
		{6072D0A4-EEA0-4D90-9168-5ABCB6E00140}.AppStore|iPhoneSimulator.Build.0 = Release|Any CPU
		{6072D0A4-EEA0-4D90-9168-5ABCB6E00140}.AppStore|iPhoneSimulator.Deploy.0 = Release|Any CPU
		{6072D0A4-EEA0-4D90-9168-5ABCB6E00140}.AppStore|x64.ActiveCfg = Release|Any CPU
		{6072D0A4-EEA0-4D90-9168-5ABCB6E00140}.AppStore|x64.Build.0 = Release|Any CPU
		{6072D0A4-EEA0-4D90-9168-5ABCB6E00140}.AppStore|x64.Deploy.0 = Release|Any CPU
		{6072D0A4-EEA0-4D90-9168-5ABCB6E00140}.AppStore|x86.ActiveCfg = Release|Any CPU
		{6072D0A4-EEA0-4D90-9168-5ABCB6E00140}.AppStore|x86.Build.0 = Release|Any CPU
		{6072D0A4-EEA0-4D90-9168-5ABCB6E00140}.AppStore|x86.Deploy.0 = Release|Any CPU
		{6072D0A4-EEA0-4D90-9168-5ABCB6E00140}.Debug|Any CPU.ActiveCfg = Debug|Any CPU
		{6072D0A4-EEA0-4D90-9168-5ABCB6E00140}.Debug|Any CPU.Build.0 = Debug|Any CPU
		{6072D0A4-EEA0-4D90-9168-5ABCB6E00140}.Debug|Any CPU.Deploy.0 = Debug|Any CPU
		{6072D0A4-EEA0-4D90-9168-5ABCB6E00140}.Debug|ARM.ActiveCfg = Debug|Any CPU
		{6072D0A4-EEA0-4D90-9168-5ABCB6E00140}.Debug|ARM.Build.0 = Debug|Any CPU
		{6072D0A4-EEA0-4D90-9168-5ABCB6E00140}.Debug|ARM.Deploy.0 = Debug|Any CPU
		{6072D0A4-EEA0-4D90-9168-5ABCB6E00140}.Debug|iPhone.ActiveCfg = Debug|Any CPU
		{6072D0A4-EEA0-4D90-9168-5ABCB6E00140}.Debug|iPhone.Build.0 = Debug|Any CPU
		{6072D0A4-EEA0-4D90-9168-5ABCB6E00140}.Debug|iPhone.Deploy.0 = Debug|Any CPU
		{6072D0A4-EEA0-4D90-9168-5ABCB6E00140}.Debug|iPhoneSimulator.ActiveCfg = Debug|Any CPU
		{6072D0A4-EEA0-4D90-9168-5ABCB6E00140}.Debug|iPhoneSimulator.Build.0 = Debug|Any CPU
		{6072D0A4-EEA0-4D90-9168-5ABCB6E00140}.Debug|iPhoneSimulator.Deploy.0 = Debug|Any CPU
		{6072D0A4-EEA0-4D90-9168-5ABCB6E00140}.Debug|x64.ActiveCfg = Debug|Any CPU
		{6072D0A4-EEA0-4D90-9168-5ABCB6E00140}.Debug|x64.Build.0 = Debug|Any CPU
		{6072D0A4-EEA0-4D90-9168-5ABCB6E00140}.Debug|x64.Deploy.0 = Debug|Any CPU
		{6072D0A4-EEA0-4D90-9168-5ABCB6E00140}.Debug|x86.ActiveCfg = Debug|Any CPU
		{6072D0A4-EEA0-4D90-9168-5ABCB6E00140}.Debug|x86.Build.0 = Debug|Any CPU
		{6072D0A4-EEA0-4D90-9168-5ABCB6E00140}.Debug|x86.Deploy.0 = Debug|Any CPU
		{6072D0A4-EEA0-4D90-9168-5ABCB6E00140}.Release|Any CPU.ActiveCfg = Release|Any CPU
		{6072D0A4-EEA0-4D90-9168-5ABCB6E00140}.Release|Any CPU.Build.0 = Release|Any CPU
		{6072D0A4-EEA0-4D90-9168-5ABCB6E00140}.Release|Any CPU.Deploy.0 = Release|Any CPU
		{6072D0A4-EEA0-4D90-9168-5ABCB6E00140}.Release|ARM.ActiveCfg = Release|Any CPU
		{6072D0A4-EEA0-4D90-9168-5ABCB6E00140}.Release|ARM.Build.0 = Release|Any CPU
		{6072D0A4-EEA0-4D90-9168-5ABCB6E00140}.Release|ARM.Deploy.0 = Release|Any CPU
		{6072D0A4-EEA0-4D90-9168-5ABCB6E00140}.Release|iPhone.ActiveCfg = Release|Any CPU
		{6072D0A4-EEA0-4D90-9168-5ABCB6E00140}.Release|iPhone.Build.0 = Release|Any CPU
		{6072D0A4-EEA0-4D90-9168-5ABCB6E00140}.Release|iPhone.Deploy.0 = Release|Any CPU
		{6072D0A4-EEA0-4D90-9168-5ABCB6E00140}.Release|iPhoneSimulator.ActiveCfg = Release|Any CPU
		{6072D0A4-EEA0-4D90-9168-5ABCB6E00140}.Release|iPhoneSimulator.Build.0 = Release|Any CPU
		{6072D0A4-EEA0-4D90-9168-5ABCB6E00140}.Release|iPhoneSimulator.Deploy.0 = Release|Any CPU
		{6072D0A4-EEA0-4D90-9168-5ABCB6E00140}.Release|x64.ActiveCfg = Release|Any CPU
		{6072D0A4-EEA0-4D90-9168-5ABCB6E00140}.Release|x64.Build.0 = Release|Any CPU
		{6072D0A4-EEA0-4D90-9168-5ABCB6E00140}.Release|x64.Deploy.0 = Release|Any CPU
		{6072D0A4-EEA0-4D90-9168-5ABCB6E00140}.Release|x86.ActiveCfg = Release|Any CPU
		{6072D0A4-EEA0-4D90-9168-5ABCB6E00140}.Release|x86.Build.0 = Release|Any CPU
		{6072D0A4-EEA0-4D90-9168-5ABCB6E00140}.Release|x86.Deploy.0 = Release|Any CPU
		{5BBBFBC1-A9C6-4D97-8D56-4684D092702C}.Ad-Hoc|Any CPU.ActiveCfg = Ad-Hoc|iPhone
		{5BBBFBC1-A9C6-4D97-8D56-4684D092702C}.Ad-Hoc|ARM.ActiveCfg = Ad-Hoc|iPhone
		{5BBBFBC1-A9C6-4D97-8D56-4684D092702C}.Ad-Hoc|iPhone.ActiveCfg = Ad-Hoc|iPhone
		{5BBBFBC1-A9C6-4D97-8D56-4684D092702C}.Ad-Hoc|iPhone.Build.0 = Ad-Hoc|iPhone
		{5BBBFBC1-A9C6-4D97-8D56-4684D092702C}.Ad-Hoc|iPhoneSimulator.ActiveCfg = Ad-Hoc|iPhoneSimulator
		{5BBBFBC1-A9C6-4D97-8D56-4684D092702C}.Ad-Hoc|iPhoneSimulator.Build.0 = Ad-Hoc|iPhoneSimulator
		{5BBBFBC1-A9C6-4D97-8D56-4684D092702C}.Ad-Hoc|x64.ActiveCfg = Ad-Hoc|iPhone
		{5BBBFBC1-A9C6-4D97-8D56-4684D092702C}.Ad-Hoc|x86.ActiveCfg = Ad-Hoc|iPhone
		{5BBBFBC1-A9C6-4D97-8D56-4684D092702C}.AppStore|Any CPU.ActiveCfg = AppStore|iPhone
		{5BBBFBC1-A9C6-4D97-8D56-4684D092702C}.AppStore|ARM.ActiveCfg = AppStore|iPhone
		{5BBBFBC1-A9C6-4D97-8D56-4684D092702C}.AppStore|iPhone.ActiveCfg = AppStore|iPhone
		{5BBBFBC1-A9C6-4D97-8D56-4684D092702C}.AppStore|iPhone.Build.0 = AppStore|iPhone
		{5BBBFBC1-A9C6-4D97-8D56-4684D092702C}.AppStore|iPhoneSimulator.ActiveCfg = AppStore|iPhoneSimulator
		{5BBBFBC1-A9C6-4D97-8D56-4684D092702C}.AppStore|iPhoneSimulator.Build.0 = AppStore|iPhoneSimulator
		{5BBBFBC1-A9C6-4D97-8D56-4684D092702C}.AppStore|x64.ActiveCfg = AppStore|iPhone
		{5BBBFBC1-A9C6-4D97-8D56-4684D092702C}.AppStore|x86.ActiveCfg = AppStore|iPhone
		{5BBBFBC1-A9C6-4D97-8D56-4684D092702C}.Debug|Any CPU.ActiveCfg = Debug|iPhone
		{5BBBFBC1-A9C6-4D97-8D56-4684D092702C}.Debug|ARM.ActiveCfg = Debug|iPhone
		{5BBBFBC1-A9C6-4D97-8D56-4684D092702C}.Debug|iPhone.ActiveCfg = Debug|iPhone
		{5BBBFBC1-A9C6-4D97-8D56-4684D092702C}.Debug|iPhone.Build.0 = Debug|iPhone
		{5BBBFBC1-A9C6-4D97-8D56-4684D092702C}.Debug|iPhoneSimulator.ActiveCfg = Debug|iPhoneSimulator
		{5BBBFBC1-A9C6-4D97-8D56-4684D092702C}.Debug|iPhoneSimulator.Build.0 = Debug|iPhoneSimulator
		{5BBBFBC1-A9C6-4D97-8D56-4684D092702C}.Debug|x64.ActiveCfg = Debug|iPhone
		{5BBBFBC1-A9C6-4D97-8D56-4684D092702C}.Debug|x86.ActiveCfg = Debug|iPhone
		{5BBBFBC1-A9C6-4D97-8D56-4684D092702C}.Release|Any CPU.ActiveCfg = Release|iPhone
		{5BBBFBC1-A9C6-4D97-8D56-4684D092702C}.Release|ARM.ActiveCfg = Release|iPhone
		{5BBBFBC1-A9C6-4D97-8D56-4684D092702C}.Release|iPhone.ActiveCfg = Release|iPhone
		{5BBBFBC1-A9C6-4D97-8D56-4684D092702C}.Release|iPhone.Build.0 = Release|iPhone
		{5BBBFBC1-A9C6-4D97-8D56-4684D092702C}.Release|iPhoneSimulator.ActiveCfg = Release|iPhoneSimulator
		{5BBBFBC1-A9C6-4D97-8D56-4684D092702C}.Release|iPhoneSimulator.Build.0 = Release|iPhoneSimulator
		{5BBBFBC1-A9C6-4D97-8D56-4684D092702C}.Release|x64.ActiveCfg = Release|iPhone
		{5BBBFBC1-A9C6-4D97-8D56-4684D092702C}.Release|x86.ActiveCfg = Release|iPhone
		{E63B9ED4-E663-4581-971F-9332CA551734}.Ad-Hoc|Any CPU.ActiveCfg = Release|x86
		{E63B9ED4-E663-4581-971F-9332CA551734}.Ad-Hoc|Any CPU.Build.0 = Release|x86
		{E63B9ED4-E663-4581-971F-9332CA551734}.Ad-Hoc|Any CPU.Deploy.0 = Release|x86
		{E63B9ED4-E663-4581-971F-9332CA551734}.Ad-Hoc|ARM.ActiveCfg = Release|ARM
		{E63B9ED4-E663-4581-971F-9332CA551734}.Ad-Hoc|ARM.Build.0 = Release|ARM
		{E63B9ED4-E663-4581-971F-9332CA551734}.Ad-Hoc|ARM.Deploy.0 = Release|ARM
		{E63B9ED4-E663-4581-971F-9332CA551734}.Ad-Hoc|iPhone.ActiveCfg = Release|x86
		{E63B9ED4-E663-4581-971F-9332CA551734}.Ad-Hoc|iPhone.Build.0 = Release|x86
		{E63B9ED4-E663-4581-971F-9332CA551734}.Ad-Hoc|iPhone.Deploy.0 = Release|x86
		{E63B9ED4-E663-4581-971F-9332CA551734}.Ad-Hoc|iPhoneSimulator.ActiveCfg = Release|x86
		{E63B9ED4-E663-4581-971F-9332CA551734}.Ad-Hoc|iPhoneSimulator.Build.0 = Release|x86
		{E63B9ED4-E663-4581-971F-9332CA551734}.Ad-Hoc|iPhoneSimulator.Deploy.0 = Release|x86
		{E63B9ED4-E663-4581-971F-9332CA551734}.Ad-Hoc|x64.ActiveCfg = Release|x64
		{E63B9ED4-E663-4581-971F-9332CA551734}.Ad-Hoc|x64.Build.0 = Release|x64
		{E63B9ED4-E663-4581-971F-9332CA551734}.Ad-Hoc|x64.Deploy.0 = Release|x64
		{E63B9ED4-E663-4581-971F-9332CA551734}.Ad-Hoc|x86.ActiveCfg = Release|x86
		{E63B9ED4-E663-4581-971F-9332CA551734}.Ad-Hoc|x86.Build.0 = Release|x86
		{E63B9ED4-E663-4581-971F-9332CA551734}.Ad-Hoc|x86.Deploy.0 = Release|x86
		{E63B9ED4-E663-4581-971F-9332CA551734}.AppStore|Any CPU.ActiveCfg = Release|x86
		{E63B9ED4-E663-4581-971F-9332CA551734}.AppStore|Any CPU.Build.0 = Release|x86
		{E63B9ED4-E663-4581-971F-9332CA551734}.AppStore|Any CPU.Deploy.0 = Release|x86
		{E63B9ED4-E663-4581-971F-9332CA551734}.AppStore|ARM.ActiveCfg = Release|ARM
		{E63B9ED4-E663-4581-971F-9332CA551734}.AppStore|ARM.Build.0 = Release|ARM
		{E63B9ED4-E663-4581-971F-9332CA551734}.AppStore|ARM.Deploy.0 = Release|ARM
		{E63B9ED4-E663-4581-971F-9332CA551734}.AppStore|iPhone.ActiveCfg = Release|x86
		{E63B9ED4-E663-4581-971F-9332CA551734}.AppStore|iPhone.Build.0 = Release|x86
		{E63B9ED4-E663-4581-971F-9332CA551734}.AppStore|iPhone.Deploy.0 = Release|x86
		{E63B9ED4-E663-4581-971F-9332CA551734}.AppStore|iPhoneSimulator.ActiveCfg = Release|x86
		{E63B9ED4-E663-4581-971F-9332CA551734}.AppStore|iPhoneSimulator.Build.0 = Release|x86
		{E63B9ED4-E663-4581-971F-9332CA551734}.AppStore|iPhoneSimulator.Deploy.0 = Release|x86
		{E63B9ED4-E663-4581-971F-9332CA551734}.AppStore|x64.ActiveCfg = Release|x64
		{E63B9ED4-E663-4581-971F-9332CA551734}.AppStore|x64.Build.0 = Release|x64
		{E63B9ED4-E663-4581-971F-9332CA551734}.AppStore|x64.Deploy.0 = Release|x64
		{E63B9ED4-E663-4581-971F-9332CA551734}.AppStore|x86.ActiveCfg = Release|x86
		{E63B9ED4-E663-4581-971F-9332CA551734}.AppStore|x86.Build.0 = Release|x86
		{E63B9ED4-E663-4581-971F-9332CA551734}.AppStore|x86.Deploy.0 = Release|x86
		{E63B9ED4-E663-4581-971F-9332CA551734}.Debug|Any CPU.ActiveCfg = Debug|x86
		{E63B9ED4-E663-4581-971F-9332CA551734}.Debug|ARM.ActiveCfg = Debug|ARM
		{E63B9ED4-E663-4581-971F-9332CA551734}.Debug|ARM.Build.0 = Debug|ARM
		{E63B9ED4-E663-4581-971F-9332CA551734}.Debug|ARM.Deploy.0 = Debug|ARM
		{E63B9ED4-E663-4581-971F-9332CA551734}.Debug|iPhone.ActiveCfg = Debug|x86
		{E63B9ED4-E663-4581-971F-9332CA551734}.Debug|iPhoneSimulator.ActiveCfg = Debug|x86
		{E63B9ED4-E663-4581-971F-9332CA551734}.Debug|x64.ActiveCfg = Debug|x64
		{E63B9ED4-E663-4581-971F-9332CA551734}.Debug|x64.Build.0 = Debug|x64
		{E63B9ED4-E663-4581-971F-9332CA551734}.Debug|x64.Deploy.0 = Debug|x64
		{E63B9ED4-E663-4581-971F-9332CA551734}.Debug|x86.ActiveCfg = Debug|x86
		{E63B9ED4-E663-4581-971F-9332CA551734}.Debug|x86.Build.0 = Debug|x86
		{E63B9ED4-E663-4581-971F-9332CA551734}.Debug|x86.Deploy.0 = Debug|x86
		{E63B9ED4-E663-4581-971F-9332CA551734}.Release|Any CPU.ActiveCfg = Release|x86
		{E63B9ED4-E663-4581-971F-9332CA551734}.Release|ARM.ActiveCfg = Release|ARM
		{E63B9ED4-E663-4581-971F-9332CA551734}.Release|ARM.Build.0 = Release|ARM
		{E63B9ED4-E663-4581-971F-9332CA551734}.Release|ARM.Deploy.0 = Release|ARM
		{E63B9ED4-E663-4581-971F-9332CA551734}.Release|iPhone.ActiveCfg = Release|x86
		{E63B9ED4-E663-4581-971F-9332CA551734}.Release|iPhoneSimulator.ActiveCfg = Release|x86
		{E63B9ED4-E663-4581-971F-9332CA551734}.Release|x64.ActiveCfg = Release|x64
		{E63B9ED4-E663-4581-971F-9332CA551734}.Release|x64.Build.0 = Release|x64
		{E63B9ED4-E663-4581-971F-9332CA551734}.Release|x64.Deploy.0 = Release|x64
		{E63B9ED4-E663-4581-971F-9332CA551734}.Release|x86.ActiveCfg = Release|x86
		{E63B9ED4-E663-4581-971F-9332CA551734}.Release|x86.Build.0 = Release|x86
		{E63B9ED4-E663-4581-971F-9332CA551734}.Release|x86.Deploy.0 = Release|x86
	EndGlobalSection
	GlobalSection(SolutionProperties) = preSolution
		HideSolutionNode = FALSE
	EndGlobalSection
EndGlobal
